
Microsoft Visual Studio Solution File, Format Version 12.00
# Visual Studio Version 17
VisualStudioVersion = 17.5.002.0
MinimumVisualStudioVersion = 10.0.40219.1
Project("{9A19103F-16F7-4668-BE54-9A1E7A4F7556}") = "flightapi", "flightapi.csproj", "{49837538-F9FF-46CB-BB08-58B4B331BBCC}"
EndProject
Global
	GlobalSection(SolutionConfigurationPlatforms) = preSolution
		Debug|Any CPU = Debug|Any CPU
		Release|Any CPU = Release|Any CPU
	EndGlobalSection
	GlobalSection(ProjectConfigurationPlatforms) = postSolution
		{49837538-F9FF-46CB-BB08-58B4B331BBCC}.Debug|Any CPU.ActiveCfg = Debug|Any CPU
		{49837538-F9FF-46CB-BB08-58B4B331BBCC}.Debug|Any CPU.Build.0 = Debug|Any CPU
		{49837538-F9FF-46CB-BB08-58B4B331BBCC}.Release|Any CPU.ActiveCfg = Release|Any CPU
		{49837538-F9FF-46CB-BB08-58B4B331BBCC}.Release|Any CPU.Build.0 = Release|Any CPU
	EndGlobalSection
	GlobalSection(SolutionProperties) = preSolution
		HideSolutionNode = FALSE
	EndGlobalSection
	GlobalSection(ExtensibilityGlobals) = postSolution
		SolutionGuid = {78927CDF-FB55-49FB-8D7B-D8C00B9C8858}
	EndGlobalSection
EndGlobal
